
Microsoft Visual Studio Solution File, Format Version 12.00
# Visual Studio 15
VisualStudioVersion = 15.0.27703.2000
MinimumVisualStudioVersion = 10.0.40219.1
Project("{9A19103F-16F7-4668-BE54-9A1E7A4F7556}") = "HomeDeviceControl", "HomeDeviceControl\HomeDeviceControl.csproj", "{7E890249-657E-4FB0-90C3-D1421758677C}"
EndProject
Project("{9A19103F-16F7-4668-BE54-9A1E7A4F7556}") = "HomeDeviceControl.Test", "HomeDeviceControl.Test\HomeDeviceControl.Test.csproj", "{47B65979-2DB4-4891-A186-39F08F6DE4FC}"
EndProject
Project("{9A19103F-16F7-4668-BE54-9A1E7A4F7556}") = "HomeDeviceControl.Communication.PowerStatus.Client", "HomeDeviceControl.Communication.PowerStatus.Client\HomeDeviceControl.Communication.PowerStatus.Client.csproj", "{02DAD297-C6E1-47A1-9E6D-FF21C4F2E89B}"
EndProject
Project("{FAE04EC0-301F-11D3-BF4B-00C04F79EFBC}") = "HomeDeviceControl.WindowsEventService", "HomeDeviceControl.WindowsEventService\HomeDeviceControl.WindowsEventService.csproj", "{8E472613-706C-4CD9-9A6A-BDC86EBF7152}"
EndProject
Project("{FAE04EC0-301F-11D3-BF4B-00C04F79EFBC}") = "HomeDeviceControl.Communication.Common", "HomeDeviceControl.Communication.Common\HomeDeviceControl.Communication.Common.csproj", "{0F6C5635-8CC0-40B9-BC0F-3736D42AD4C0}"
EndProject
Project("{FAE04EC0-301F-11D3-BF4B-00C04F79EFBC}") = "HomeDeviceControl.Communication.ClientApi", "HomeDeviceControl.Communication.ClientApi\HomeDeviceControl.Communication.ClientApi.csproj", "{06CF8969-88B7-46A7-A5ED-337BD3C19941}"
EndProject
Project("{FAE04EC0-301F-11D3-BF4B-00C04F79EFBC}") = "HomeDeviceControl.Communication.Server", "HomeDeviceControl.Communication.Server\HomeDeviceControl.Communication.Server.csproj", "{00EB8C14-1008-4A7D-8BB1-6BCF93E17A4D}"
EndProject
Project("{FAE04EC0-301F-11D3-BF4B-00C04F79EFBC}") = "HomeDeviceControl.Core", "HomeDeviceControl.Core\HomeDeviceControl.Core.csproj", "{49A2CCAC-ABC9-4133-B1F8-631C71E31E53}"
EndProject
Project("{FAE04EC0-301F-11D3-BF4B-00C04F79EFBC}") = "HomeDeviceControl.Plugin.Yeelight", "HomeDeviceControl.Plugin.Yeelight\HomeDeviceControl.Plugin.Yeelight.csproj", "{3AFCA6C6-1F97-4490-BE6E-89BE68258E1D}"
EndProject
Project("{FAE04EC0-301F-11D3-BF4B-00C04F79EFBC}") = "HomeDeviceControl.Plugin.ZoozSensor", "HomeDeviceControl.Plugin.ZoozSensor\HomeDeviceControl.Plugin.ZoozSensor.csproj", "{E1FA123B-8DC3-44B8-A42D-FC0611E1DF34}"
EndProject
Project("{FAE04EC0-301F-11D3-BF4B-00C04F79EFBC}") = "HomeDeviceControl.ZWave", "HomeDeviceControl.ZWave\HomeDeviceControl.ZWave.csproj", "{D4ACD1B5-E869-4E4F-B43E-5F979AF47979}"
EndProject
Global
	GlobalSection(SolutionConfigurationPlatforms) = preSolution
		Debug|Any CPU = Debug|Any CPU
		Release|Any CPU = Release|Any CPU
	EndGlobalSection
	GlobalSection(ProjectConfigurationPlatforms) = postSolution
		{7E890249-657E-4FB0-90C3-D1421758677C}.Debug|Any CPU.ActiveCfg = Debug|Any CPU
		{7E890249-657E-4FB0-90C3-D1421758677C}.Debug|Any CPU.Build.0 = Debug|Any CPU
		{7E890249-657E-4FB0-90C3-D1421758677C}.Release|Any CPU.ActiveCfg = Release|Any CPU
		{7E890249-657E-4FB0-90C3-D1421758677C}.Release|Any CPU.Build.0 = Release|Any CPU
		{47B65979-2DB4-4891-A186-39F08F6DE4FC}.Debug|Any CPU.ActiveCfg = Debug|Any CPU
		{47B65979-2DB4-4891-A186-39F08F6DE4FC}.Debug|Any CPU.Build.0 = Debug|Any CPU
		{47B65979-2DB4-4891-A186-39F08F6DE4FC}.Release|Any CPU.ActiveCfg = Release|Any CPU
		{47B65979-2DB4-4891-A186-39F08F6DE4FC}.Release|Any CPU.Build.0 = Release|Any CPU
		{02DAD297-C6E1-47A1-9E6D-FF21C4F2E89B}.Debug|Any CPU.ActiveCfg = Debug|Any CPU
		{02DAD297-C6E1-47A1-9E6D-FF21C4F2E89B}.Debug|Any CPU.Build.0 = Debug|Any CPU
		{02DAD297-C6E1-47A1-9E6D-FF21C4F2E89B}.Release|Any CPU.ActiveCfg = Release|Any CPU
		{02DAD297-C6E1-47A1-9E6D-FF21C4F2E89B}.Release|Any CPU.Build.0 = Release|Any CPU
		{8E472613-706C-4CD9-9A6A-BDC86EBF7152}.Debug|Any CPU.ActiveCfg = Debug|Any CPU
		{8E472613-706C-4CD9-9A6A-BDC86EBF7152}.Debug|Any CPU.Build.0 = Debug|Any CPU
		{8E472613-706C-4CD9-9A6A-BDC86EBF7152}.Release|Any CPU.ActiveCfg = Release|Any CPU
		{8E472613-706C-4CD9-9A6A-BDC86EBF7152}.Release|Any CPU.Build.0 = Release|Any CPU
		{0F6C5635-8CC0-40B9-BC0F-3736D42AD4C0}.Debug|Any CPU.ActiveCfg = Debug|Any CPU
		{0F6C5635-8CC0-40B9-BC0F-3736D42AD4C0}.Debug|Any CPU.Build.0 = Debug|Any CPU
		{0F6C5635-8CC0-40B9-BC0F-3736D42AD4C0}.Release|Any CPU.ActiveCfg = Release|Any CPU
		{0F6C5635-8CC0-40B9-BC0F-3736D42AD4C0}.Release|Any CPU.Build.0 = Release|Any CPU
		{06CF8969-88B7-46A7-A5ED-337BD3C19941}.Debug|Any CPU.ActiveCfg = Debug|Any CPU
		{06CF8969-88B7-46A7-A5ED-337BD3C19941}.Debug|Any CPU.Build.0 = Debug|Any CPU
		{06CF8969-88B7-46A7-A5ED-337BD3C19941}.Release|Any CPU.ActiveCfg = Release|Any CPU
		{06CF8969-88B7-46A7-A5ED-337BD3C19941}.Release|Any CPU.Build.0 = Release|Any CPU
		{00EB8C14-1008-4A7D-8BB1-6BCF93E17A4D}.Debug|Any CPU.ActiveCfg = Debug|Any CPU
		{00EB8C14-1008-4A7D-8BB1-6BCF93E17A4D}.Debug|Any CPU.Build.0 = Debug|Any CPU
		{00EB8C14-1008-4A7D-8BB1-6BCF93E17A4D}.Release|Any CPU.ActiveCfg = Release|Any CPU
		{00EB8C14-1008-4A7D-8BB1-6BCF93E17A4D}.Release|Any CPU.Build.0 = Release|Any CPU
		{49A2CCAC-ABC9-4133-B1F8-631C71E31E53}.Debug|Any CPU.ActiveCfg = Debug|Any CPU
		{49A2CCAC-ABC9-4133-B1F8-631C71E31E53}.Debug|Any CPU.Build.0 = Debug|Any CPU
		{49A2CCAC-ABC9-4133-B1F8-631C71E31E53}.Release|Any CPU.ActiveCfg = Release|Any CPU
		{49A2CCAC-ABC9-4133-B1F8-631C71E31E53}.Release|Any CPU.Build.0 = Release|Any CPU
		{3AFCA6C6-1F97-4490-BE6E-89BE68258E1D}.Debug|Any CPU.ActiveCfg = Debug|Any CPU
		{3AFCA6C6-1F97-4490-BE6E-89BE68258E1D}.Debug|Any CPU.Build.0 = Debug|Any CPU
		{3AFCA6C6-1F97-4490-BE6E-89BE68258E1D}.Release|Any CPU.ActiveCfg = Release|Any CPU
		{3AFCA6C6-1F97-4490-BE6E-89BE68258E1D}.Release|Any CPU.Build.0 = Release|Any CPU
		{E1FA123B-8DC3-44B8-A42D-FC0611E1DF34}.Debug|Any CPU.ActiveCfg = Debug|Any CPU
		{E1FA123B-8DC3-44B8-A42D-FC0611E1DF34}.Debug|Any CPU.Build.0 = Debug|Any CPU
		{E1FA123B-8DC3-44B8-A42D-FC0611E1DF34}.Release|Any CPU.ActiveCfg = Release|Any CPU
		{E1FA123B-8DC3-44B8-A42D-FC0611E1DF34}.Release|Any CPU.Build.0 = Release|Any CPU
		{D4ACD1B5-E869-4E4F-B43E-5F979AF47979}.Debug|Any CPU.ActiveCfg = Debug|Any CPU
		{D4ACD1B5-E869-4E4F-B43E-5F979AF47979}.Debug|Any CPU.Build.0 = Debug|Any CPU
		{D4ACD1B5-E869-4E4F-B43E-5F979AF47979}.Release|Any CPU.ActiveCfg = Release|Any CPU
		{D4ACD1B5-E869-4E4F-B43E-5F979AF47979}.Release|Any CPU.Build.0 = Release|Any CPU
	EndGlobalSection
	GlobalSection(SolutionProperties) = preSolution
		HideSolutionNode = FALSE
	EndGlobalSection
	GlobalSection(ExtensibilityGlobals) = postSolution
		SolutionGuid = {F596640C-4504-4A92-AD90-45B5F93CF557}
	EndGlobalSection
EndGlobal
