
Microsoft Visual Studio Solution File, Format Version 12.00
# Visual Studio 15
VisualStudioVersion = 15.0.27703.2000
MinimumVisualStudioVersion = 10.0.40219.1
Project("{9A19103F-16F7-4668-BE54-9A1E7A4F7556}") = "LightControl", "LightControl\LightControl.csproj", "{7E890249-657E-4FB0-90C3-D1421758677C}"
EndProject
Project("{9A19103F-16F7-4668-BE54-9A1E7A4F7556}") = "LightControl.Plugin.Yeelight", "LightControl.Plugin.Yeelight\LightControl.Plugin.Yeelight.csproj", "{45204828-48D5-42D8-AEC9-C4703DBD742B}"
EndProject
Project("{9A19103F-16F7-4668-BE54-9A1E7A4F7556}") = "LightControl.Core", "LightControl.Core\LightControl.Core.csproj", "{05938D12-FBA0-4BCB-9317-AAEE3A1A0753}"
EndProject
Global
	GlobalSection(SolutionConfigurationPlatforms) = preSolution
		Debug|Any CPU = Debug|Any CPU
		Release|Any CPU = Release|Any CPU
	EndGlobalSection
	GlobalSection(ProjectConfigurationPlatforms) = postSolution
		{7E890249-657E-4FB0-90C3-D1421758677C}.Debug|Any CPU.ActiveCfg = Debug|Any CPU
		{7E890249-657E-4FB0-90C3-D1421758677C}.Debug|Any CPU.Build.0 = Debug|Any CPU
		{7E890249-657E-4FB0-90C3-D1421758677C}.Release|Any CPU.ActiveCfg = Release|Any CPU
		{7E890249-657E-4FB0-90C3-D1421758677C}.Release|Any CPU.Build.0 = Release|Any CPU
		{45204828-48D5-42D8-AEC9-C4703DBD742B}.Debug|Any CPU.ActiveCfg = Debug|Any CPU
		{45204828-48D5-42D8-AEC9-C4703DBD742B}.Debug|Any CPU.Build.0 = Debug|Any CPU
		{45204828-48D5-42D8-AEC9-C4703DBD742B}.Release|Any CPU.ActiveCfg = Release|Any CPU
		{45204828-48D5-42D8-AEC9-C4703DBD742B}.Release|Any CPU.Build.0 = Release|Any CPU
		{05938D12-FBA0-4BCB-9317-AAEE3A1A0753}.Debug|Any CPU.ActiveCfg = Debug|Any CPU
		{05938D12-FBA0-4BCB-9317-AAEE3A1A0753}.Debug|Any CPU.Build.0 = Debug|Any CPU
		{05938D12-FBA0-4BCB-9317-AAEE3A1A0753}.Release|Any CPU.ActiveCfg = Release|Any CPU
		{05938D12-FBA0-4BCB-9317-AAEE3A1A0753}.Release|Any CPU.Build.0 = Release|Any CPU
	EndGlobalSection
	GlobalSection(SolutionProperties) = preSolution
		HideSolutionNode = FALSE
	EndGlobalSection
	GlobalSection(ExtensibilityGlobals) = postSolution
		SolutionGuid = {F596640C-4504-4A92-AD90-45B5F93CF557}
	EndGlobalSection
EndGlobal
